{
  "requires": true,
  "lockfileVersion": 1,
  "dependencies": {
    "fs": {
      "version": "0.0.1-security",
      "resolved": "https://registry.npmjs.org/fs/-/fs-0.0.1-security.tgz",
      "integrity": "sha1-invTcYa23d84E/I4WLV+yq9eQdQ="
    },
    "printf": {
      "version": "0.2.5",
      "resolved": "https://registry.npmjs.org/printf/-/printf-0.2.5.tgz",
      "integrity": "sha1-xDjKLKM+OSdnHbSracDlL5NqTw8="
    },
    "random-float": {
      "version": "1.0.0",
      "resolved": "https://registry.npmjs.org/random-float/-/random-float-1.0.0.tgz",
      "integrity": "sha1-Ookc1mNCEI/F9Gzfoyg44msHsJ4="
    },
    "scanf": {
      "version": "1.0.0",
      "resolved": "https://registry.npmjs.org/scanf/-/scanf-1.0.0.tgz",
      "integrity": "sha512-R32moaCpHLe4HjGd+3+4uHnSrUKwHe5148CE0Oq8FMWGYRLtRoEMF3a0cQjbVIcrHPSeisomv6HOk/6DQxasJQ=="
    }
  }
}
